
Microsoft Visual Studio Solution File, Format Version 12.00
# Visual Studio Version 17
VisualStudioVersion = 17.0.31903.59
MinimumVisualStudioVersion = 10.0.40219.1
Project("{FAE04EC0-301F-11D3-BF4B-00C04F79EFBC}") = "CapaServicioServidor", "CapaServicioServidor\CapaServicioServidor.csproj", "{4AAC77A5-696D-43AA-98FF-D9668DEE6FEF}"
EndProject
Project("{FAE04EC0-301F-11D3-BF4B-00C04F79EFBC}") = "CapaNegocio", "CapaNegocio\CapaNegocio.csproj", "{B134C4BC-5C66-4A0F-BF5F-697CFF67F962}"
EndProject
Project("{FAE04EC0-301F-11D3-BF4B-00C04F79EFBC}") = "CapaDatos", "CapaDatos\CapaDatos.csproj", "{1447A366-704A-4A8D-853A-7C26B3BE7557}"
EndProject
Project("{9A19103F-16F7-4668-BE54-9A1E7A4F7556}") = "HostServer", "HostServer\HostServer.csproj", "{09BCF363-2D99-4257-B040-6F651D58A64D}"
EndProject
Project("{9A19103F-16F7-4668-BE54-9A1E7A4F7556}") = "CapaPrueba", "CapaPrueba\CapaPrueba.csproj", "{5835D417-AE10-4569-907A-937BBB01F9ED}"
EndProject
Project("{FAE04EC0-301F-11D3-BF4B-00C04F79EFBC}") = "CapaAbstraccion", "CapaAbstraccion\CapaAbstraccion.csproj", "{7CBED3FC-0984-4FB8-919C-45C06DACA411}"
EndProject
Global
	GlobalSection(SolutionConfigurationPlatforms) = preSolution
		Debug|Any CPU = Debug|Any CPU
		Debug|x64 = Debug|x64
		Release|Any CPU = Release|Any CPU
		Release|x64 = Release|x64
	EndGlobalSection
	GlobalSection(ProjectConfigurationPlatforms) = postSolution
		{4AAC77A5-696D-43AA-98FF-D9668DEE6FEF}.Debug|Any CPU.ActiveCfg = Debug|Any CPU
		{4AAC77A5-696D-43AA-98FF-D9668DEE6FEF}.Debug|Any CPU.Build.0 = Debug|Any CPU
		{4AAC77A5-696D-43AA-98FF-D9668DEE6FEF}.Debug|x64.ActiveCfg = Debug|x64
		{4AAC77A5-696D-43AA-98FF-D9668DEE6FEF}.Debug|x64.Build.0 = Debug|x64
		{4AAC77A5-696D-43AA-98FF-D9668DEE6FEF}.Release|Any CPU.ActiveCfg = Release|Any CPU
		{4AAC77A5-696D-43AA-98FF-D9668DEE6FEF}.Release|Any CPU.Build.0 = Release|Any CPU
		{4AAC77A5-696D-43AA-98FF-D9668DEE6FEF}.Release|x64.ActiveCfg = Release|x64
		{4AAC77A5-696D-43AA-98FF-D9668DEE6FEF}.Release|x64.Build.0 = Release|x64
		{B134C4BC-5C66-4A0F-BF5F-697CFF67F962}.Debug|Any CPU.ActiveCfg = Debug|Any CPU
		{B134C4BC-5C66-4A0F-BF5F-697CFF67F962}.Debug|Any CPU.Build.0 = Debug|Any CPU
		{B134C4BC-5C66-4A0F-BF5F-697CFF67F962}.Debug|x64.ActiveCfg = Debug|x64
		{B134C4BC-5C66-4A0F-BF5F-697CFF67F962}.Debug|x64.Build.0 = Debug|x64
		{B134C4BC-5C66-4A0F-BF5F-697CFF67F962}.Release|Any CPU.ActiveCfg = Release|Any CPU
		{B134C4BC-5C66-4A0F-BF5F-697CFF67F962}.Release|Any CPU.Build.0 = Release|Any CPU
		{B134C4BC-5C66-4A0F-BF5F-697CFF67F962}.Release|x64.ActiveCfg = Release|x64
		{B134C4BC-5C66-4A0F-BF5F-697CFF67F962}.Release|x64.Build.0 = Release|x64
		{1447A366-704A-4A8D-853A-7C26B3BE7557}.Debug|Any CPU.ActiveCfg = Debug|Any CPU
		{1447A366-704A-4A8D-853A-7C26B3BE7557}.Debug|Any CPU.Build.0 = Debug|Any CPU
		{1447A366-704A-4A8D-853A-7C26B3BE7557}.Debug|x64.ActiveCfg = Debug|x64
		{1447A366-704A-4A8D-853A-7C26B3BE7557}.Debug|x64.Build.0 = Debug|x64
		{1447A366-704A-4A8D-853A-7C26B3BE7557}.Release|Any CPU.ActiveCfg = Release|Any CPU
		{1447A366-704A-4A8D-853A-7C26B3BE7557}.Release|Any CPU.Build.0 = Release|Any CPU
		{1447A366-704A-4A8D-853A-7C26B3BE7557}.Release|x64.ActiveCfg = Release|x64
		{1447A366-704A-4A8D-853A-7C26B3BE7557}.Release|x64.Build.0 = Release|x64
		{09BCF363-2D99-4257-B040-6F651D58A64D}.Debug|Any CPU.ActiveCfg = Debug|Any CPU
		{09BCF363-2D99-4257-B040-6F651D58A64D}.Debug|Any CPU.Build.0 = Debug|Any CPU
		{09BCF363-2D99-4257-B040-6F651D58A64D}.Debug|x64.ActiveCfg = Debug|x64
		{09BCF363-2D99-4257-B040-6F651D58A64D}.Debug|x64.Build.0 = Debug|x64
		{09BCF363-2D99-4257-B040-6F651D58A64D}.Release|Any CPU.ActiveCfg = Release|Any CPU
		{09BCF363-2D99-4257-B040-6F651D58A64D}.Release|Any CPU.Build.0 = Release|Any CPU
		{09BCF363-2D99-4257-B040-6F651D58A64D}.Release|x64.ActiveCfg = Release|x64
		{09BCF363-2D99-4257-B040-6F651D58A64D}.Release|x64.Build.0 = Release|x64
		{5835D417-AE10-4569-907A-937BBB01F9ED}.Debug|Any CPU.ActiveCfg = Debug|Any CPU
		{5835D417-AE10-4569-907A-937BBB01F9ED}.Debug|Any CPU.Build.0 = Debug|Any CPU
		{5835D417-AE10-4569-907A-937BBB01F9ED}.Debug|x64.ActiveCfg = Debug|Any CPU
		{5835D417-AE10-4569-907A-937BBB01F9ED}.Debug|x64.Build.0 = Debug|Any CPU
		{5835D417-AE10-4569-907A-937BBB01F9ED}.Release|Any CPU.ActiveCfg = Release|Any CPU
		{5835D417-AE10-4569-907A-937BBB01F9ED}.Release|Any CPU.Build.0 = Release|Any CPU
		{5835D417-AE10-4569-907A-937BBB01F9ED}.Release|x64.ActiveCfg = Release|Any CPU
		{5835D417-AE10-4569-907A-937BBB01F9ED}.Release|x64.Build.0 = Release|Any CPU
		{7CBED3FC-0984-4FB8-919C-45C06DACA411}.Debug|Any CPU.ActiveCfg = Debug|Any CPU
		{7CBED3FC-0984-4FB8-919C-45C06DACA411}.Debug|Any CPU.Build.0 = Debug|Any CPU
		{7CBED3FC-0984-4FB8-919C-45C06DACA411}.Debug|x64.ActiveCfg = Debug|Any CPU
		{7CBED3FC-0984-4FB8-919C-45C06DACA411}.Debug|x64.Build.0 = Debug|Any CPU
		{7CBED3FC-0984-4FB8-919C-45C06DACA411}.Release|Any CPU.ActiveCfg = Release|Any CPU
		{7CBED3FC-0984-4FB8-919C-45C06DACA411}.Release|Any CPU.Build.0 = Release|Any CPU
		{7CBED3FC-0984-4FB8-919C-45C06DACA411}.Release|x64.ActiveCfg = Release|Any CPU
		{7CBED3FC-0984-4FB8-919C-45C06DACA411}.Release|x64.Build.0 = Release|Any CPU
	EndGlobalSection
	GlobalSection(SolutionProperties) = preSolution
		HideSolutionNode = FALSE
	EndGlobalSection
	GlobalSection(ExtensibilityGlobals) = postSolution
		SolutionGuid = {404B0121-267D-45D1-AB4C-A1D1931DD693}
	EndGlobalSection
EndGlobal
