
Microsoft Visual Studio Solution File, Format Version 12.00
# Visual Studio Version 17
VisualStudioVersion = 17.0.31903.59
MinimumVisualStudioVersion = 10.0.40219.1
Project("{9A19103F-16F7-4668-BE54-9A1E7A4F7556}") = "CapaPresentacion", "CapaPresentacion\CapaPresentacion.csproj", "{0C1441C5-73BB-443F-8264-76459EF66FD4}"
EndProject
Project("{9A19103F-16F7-4668-BE54-9A1E7A4F7556}") = "CapaPrueba", "CapaPrueba\CapaPrueba.csproj", "{5DBCFDA0-478B-4C37-ABD9-386657FFDA62}"
EndProject
Project("{9A19103F-16F7-4668-BE54-9A1E7A4F7556}") = "CapaPruebaUnitaria", "CapaPruebaUnitaria\CapaPruebaUnitaria.csproj", "{BC9545B5-D56F-48D3-B86A-AC3B50E498A8}"
EndProject
Global
	GlobalSection(SolutionConfigurationPlatforms) = preSolution
		Debug|Any CPU = Debug|Any CPU
		Debug|x64 = Debug|x64
		Release|Any CPU = Release|Any CPU
		Release|x64 = Release|x64
	EndGlobalSection
	GlobalSection(ProjectConfigurationPlatforms) = postSolution
		{0C1441C5-73BB-443F-8264-76459EF66FD4}.Debug|Any CPU.ActiveCfg = Debug|Any CPU
		{0C1441C5-73BB-443F-8264-76459EF66FD4}.Debug|Any CPU.Build.0 = Debug|Any CPU
		{0C1441C5-73BB-443F-8264-76459EF66FD4}.Debug|x64.ActiveCfg = Debug|x64
		{0C1441C5-73BB-443F-8264-76459EF66FD4}.Debug|x64.Build.0 = Debug|x64
		{0C1441C5-73BB-443F-8264-76459EF66FD4}.Release|Any CPU.ActiveCfg = Release|Any CPU
		{0C1441C5-73BB-443F-8264-76459EF66FD4}.Release|Any CPU.Build.0 = Release|Any CPU
		{0C1441C5-73BB-443F-8264-76459EF66FD4}.Release|x64.ActiveCfg = Release|x64
		{0C1441C5-73BB-443F-8264-76459EF66FD4}.Release|x64.Build.0 = Release|x64
		{5DBCFDA0-478B-4C37-ABD9-386657FFDA62}.Debug|Any CPU.ActiveCfg = Debug|Any CPU
		{5DBCFDA0-478B-4C37-ABD9-386657FFDA62}.Debug|Any CPU.Build.0 = Debug|Any CPU
		{5DBCFDA0-478B-4C37-ABD9-386657FFDA62}.Debug|x64.ActiveCfg = Debug|Any CPU
		{5DBCFDA0-478B-4C37-ABD9-386657FFDA62}.Debug|x64.Build.0 = Debug|Any CPU
		{5DBCFDA0-478B-4C37-ABD9-386657FFDA62}.Release|Any CPU.ActiveCfg = Release|Any CPU
		{5DBCFDA0-478B-4C37-ABD9-386657FFDA62}.Release|Any CPU.Build.0 = Release|Any CPU
		{5DBCFDA0-478B-4C37-ABD9-386657FFDA62}.Release|x64.ActiveCfg = Release|Any CPU
		{5DBCFDA0-478B-4C37-ABD9-386657FFDA62}.Release|x64.Build.0 = Release|Any CPU
		{BC9545B5-D56F-48D3-B86A-AC3B50E498A8}.Debug|Any CPU.ActiveCfg = Debug|Any CPU
		{BC9545B5-D56F-48D3-B86A-AC3B50E498A8}.Debug|Any CPU.Build.0 = Debug|Any CPU
		{BC9545B5-D56F-48D3-B86A-AC3B50E498A8}.Debug|x64.ActiveCfg = Debug|Any CPU
		{BC9545B5-D56F-48D3-B86A-AC3B50E498A8}.Debug|x64.Build.0 = Debug|Any CPU
		{BC9545B5-D56F-48D3-B86A-AC3B50E498A8}.Release|Any CPU.ActiveCfg = Release|Any CPU
		{BC9545B5-D56F-48D3-B86A-AC3B50E498A8}.Release|Any CPU.Build.0 = Release|Any CPU
		{BC9545B5-D56F-48D3-B86A-AC3B50E498A8}.Release|x64.ActiveCfg = Release|Any CPU
		{BC9545B5-D56F-48D3-B86A-AC3B50E498A8}.Release|x64.Build.0 = Release|Any CPU
	EndGlobalSection
	GlobalSection(SolutionProperties) = preSolution
		HideSolutionNode = FALSE
	EndGlobalSection
	GlobalSection(ExtensibilityGlobals) = postSolution
		SolutionGuid = {2B4F2489-5343-4EC5-B547-DD7ECBB99D52}
	EndGlobalSection
EndGlobal
